Microsoft Visual Studio Solution File, Format Version 12.00
# Visual Studio 15
VisualStudioVersion = 15.0.27130.2024
MinimumVisualStudioVersion = 10.0.40219.1
Project("{2150E333-8FDC-42A3-9474-1A3956D46DE8}") = ".paket", ".paket", "{63297B98-5CED-492C-A5B7-A5B4F73CF142}"
	ProjectSection(SolutionItems) = preProject
		paket.dependencies = paket.dependencies
		paket.lock = paket.lock
	EndProjectSection
EndProject
Project("{2150E333-8FDC-42A3-9474-1A3956D46DE8}") = "docs", "docs", "{A6A6AF7D-D6E3-442D-9B1E-58CC91879BE1}"
EndProject
Project("{2150E333-8FDC-42A3-9474-1A3956D46DE8}") = "project", "project", "{BF60BC93-E09B-4E5F-9D85-95A519479D54}"
	ProjectSection(SolutionItems) = preProject
		build.fsx = build.fsx
		LICENSE.txt = LICENSE.txt
		README.md = README.md
		RELEASE_NOTES.md = RELEASE_NOTES.md
	EndProjectSection
EndProject
Project("{2150E333-8FDC-42A3-9474-1A3956D46DE8}") = "tools", "tools", "{83F16175-43B1-4C90-A1EE-8E351C33435D}"
	ProjectSection(SolutionItems) = preProject
		docs\tools\generate.fsx = docs\tools\generate.fsx
		docs\tools\templates\template.cshtml = docs\tools\templates\template.cshtml
	EndProjectSection
EndProject
Project("{2150E333-8FDC-42A3-9474-1A3956D46DE8}") = "content", "content", "{8E6D5255-776D-4B61-85F9-73C37AA1FB9A}"
	ProjectSection(SolutionItems) = preProject
		docs\content\index.fsx = docs\content\index.fsx
		docs\content\intro.fsx = docs\content\intro.fsx
	EndProjectSection
EndProject
Project("{2150E333-8FDC-42A3-9474-1A3956D46DE8}") = "tests", "tests", "{ED8079DD-2B06-4030-9F0F-DC548F98E1C4}"
EndProject
Project("{2150E333-8FDC-42A3-9474-1A3956D46DE8}") = "samples", "samples", "{C844E206-BE5F-4335-B8F5-0472CF0A7369}"
EndProject
Project("{6EC3EE1D-3C4E-46DD-8F32-0CC8E7565705}") = "Gjallarhorn.Bindable", "src\Gjallarhorn.Bindable\Gjallarhorn.Bindable.fsproj", "{EDA3EC39-0AFB-4A05-9926-D128B9325420}"
EndProject
Project("{6EC3EE1D-3C4E-46DD-8F32-0CC8E7565705}") = "Gjallarhorn.Bindable.Wpf", "src\Gjallarhorn.Bindable.Wpf\Gjallarhorn.Bindable.Wpf.fsproj", "{FB784D20-9375-4587-A189-0D1FBF3E2640}"
EndProject
Project("{6EC3EE1D-3C4E-46DD-8F32-0CC8E7565705}") = "Gjallarhorn.Bindable.Tests", "tests\Gjallarhorn.Bindable.Tests\Gjallarhorn.Bindable.Tests.fsproj", "{A77F81DC-0D93-4C87-9006-5CA9DC76EA06}"
EndProject
Project("{F2A71F9B-5D33-465A-A702-920D77279786}") = "Gjallarhorn.ReferenceDocumentation", "src\Gjallarhorn.ReferenceDocumentation\Gjallarhorn.ReferenceDocumentation.fsproj", "{5ACE0621-55CC-4DCD-A159-D7AB7D3057C6}"
EndProject
Project("{6EC3EE1D-3C4E-46DD-8F32-0CC8E7565705}") = "Gjallarhorn.Bindable.Avalonia", "src\Gjallarhorn.Bindable.Avalonia\Gjallarhorn.Bindable.Avalonia.fsproj", "{E380A570-756E-41E1-83EB-31B5B2A44850}"
EndProject
Project("{6EC3EE1D-3C4E-46DD-8F32-0CC8E7565705}") = "Gjallarhorn.Bindable.Tests.Ui", "tests\Gjallarhorn.Bindable.Tests.Ui\Gjallarhorn.Bindable.Tests.Ui.fsproj", "{C1EBA1A1-9E8A-49EF-8FAF-FC3852DBEECB}"
	ProjectSection(ProjectDependencies) = postProject
		{2B9969B0-D489-4723-B9D7-3EF7CA2AA11A} = {2B9969B0-D489-4723-B9D7-3EF7CA2AA11A}
	EndProjectSection
EndProject
Project("{2150E333-8FDC-42A3-9474-1A3956D46DE8}") = "DemoForUiTests", "DemoForUiTests", "{78931210-50D3-4D63-AC78-1B5F01F0FA44}"
EndProject
Project("{6EC3EE1D-3C4E-46DD-8F32-0CC8E7565705}") = "DemoForUiTests", "samples\DemoForUiTests\DemoForUiTests.fsproj", "{2B9969B0-D489-4723-B9D7-3EF7CA2AA11A}"
EndProject
Global
	GlobalSection(SolutionConfigurationPlatforms) = preSolution
		Debug|Any CPU = Debug|Any CPU
		Release|Any CPU = Release|Any CPU
	EndGlobalSection
	GlobalSection(ProjectConfigurationPlatforms) = postSolution
		{EDA3EC39-0AFB-4A05-9926-D128B9325420}.Debug|Any CPU.ActiveCfg = Debug|Any CPU
		{EDA3EC39-0AFB-4A05-9926-D128B9325420}.Debug|Any CPU.Build.0 = Debug|Any CPU
		{EDA3EC39-0AFB-4A05-9926-D128B9325420}.Release|Any CPU.ActiveCfg = Release|Any CPU
		{EDA3EC39-0AFB-4A05-9926-D128B9325420}.Release|Any CPU.Build.0 = Release|Any CPU
		{FB784D20-9375-4587-A189-0D1FBF3E2640}.Debug|Any CPU.ActiveCfg = Debug|Any CPU
		{FB784D20-9375-4587-A189-0D1FBF3E2640}.Debug|Any CPU.Build.0 = Debug|Any CPU
		{FB784D20-9375-4587-A189-0D1FBF3E2640}.Release|Any CPU.ActiveCfg = Release|Any CPU
		{FB784D20-9375-4587-A189-0D1FBF3E2640}.Release|Any CPU.Build.0 = Release|Any CPU
		{A77F81DC-0D93-4C87-9006-5CA9DC76EA06}.Debug|Any CPU.ActiveCfg = Debug|Any CPU
		{A77F81DC-0D93-4C87-9006-5CA9DC76EA06}.Debug|Any CPU.Build.0 = Debug|Any CPU
		{A77F81DC-0D93-4C87-9006-5CA9DC76EA06}.Release|Any CPU.ActiveCfg = Release|Any CPU
		{A77F81DC-0D93-4C87-9006-5CA9DC76EA06}.Release|Any CPU.Build.0 = Release|Any CPU
		{5ACE0621-55CC-4DCD-A159-D7AB7D3057C6}.Debug|Any CPU.ActiveCfg = Debug|Any CPU
		{5ACE0621-55CC-4DCD-A159-D7AB7D3057C6}.Debug|Any CPU.Build.0 = Debug|Any CPU
		{5ACE0621-55CC-4DCD-A159-D7AB7D3057C6}.Release|Any CPU.ActiveCfg = Release|Any CPU
		{5ACE0621-55CC-4DCD-A159-D7AB7D3057C6}.Release|Any CPU.Build.0 = Release|Any CPU
		{E380A570-756E-41E1-83EB-31B5B2A44850}.Debug|Any CPU.ActiveCfg = Debug|Any CPU
		{E380A570-756E-41E1-83EB-31B5B2A44850}.Debug|Any CPU.Build.0 = Debug|Any CPU
		{E380A570-756E-41E1-83EB-31B5B2A44850}.Release|Any CPU.ActiveCfg = Release|Any CPU
		{E380A570-756E-41E1-83EB-31B5B2A44850}.Release|Any CPU.Build.0 = Release|Any CPU
		{C1EBA1A1-9E8A-49EF-8FAF-FC3852DBEECB}.Debug|Any CPU.ActiveCfg = Debug|Any CPU
		{C1EBA1A1-9E8A-49EF-8FAF-FC3852DBEECB}.Debug|Any CPU.Build.0 = Debug|Any CPU
		{C1EBA1A1-9E8A-49EF-8FAF-FC3852DBEECB}.Release|Any CPU.ActiveCfg = Release|Any CPU
		{C1EBA1A1-9E8A-49EF-8FAF-FC3852DBEECB}.Release|Any CPU.Build.0 = Release|Any CPU
		{2B9969B0-D489-4723-B9D7-3EF7CA2AA11A}.Debug|Any CPU.ActiveCfg = Debug|Any CPU
		{2B9969B0-D489-4723-B9D7-3EF7CA2AA11A}.Debug|Any CPU.Build.0 = Debug|Any CPU
		{2B9969B0-D489-4723-B9D7-3EF7CA2AA11A}.Release|Any CPU.ActiveCfg = Release|Any CPU
		{2B9969B0-D489-4723-B9D7-3EF7CA2AA11A}.Release|Any CPU.Build.0 = Release|Any CPU
	EndGlobalSection
	GlobalSection(SolutionProperties) = preSolution
		HideSolutionNode = FALSE
	EndGlobalSection
	GlobalSection(NestedProjects) = preSolution
		{83F16175-43B1-4C90-A1EE-8E351C33435D} = {A6A6AF7D-D6E3-442D-9B1E-58CC91879BE1}
		{8E6D5255-776D-4B61-85F9-73C37AA1FB9A} = {A6A6AF7D-D6E3-442D-9B1E-58CC91879BE1}
		{A77F81DC-0D93-4C87-9006-5CA9DC76EA06} = {ED8079DD-2B06-4030-9F0F-DC548F98E1C4}
		{C1EBA1A1-9E8A-49EF-8FAF-FC3852DBEECB} = {ED8079DD-2B06-4030-9F0F-DC548F98E1C4}
		{78931210-50D3-4D63-AC78-1B5F01F0FA44} = {C844E206-BE5F-4335-B8F5-0472CF0A7369}
		{2B9969B0-D489-4723-B9D7-3EF7CA2AA11A} = {78931210-50D3-4D63-AC78-1B5F01F0FA44}
	EndGlobalSection
	GlobalSection(ExtensibilityGlobals) = postSolution
		SolutionGuid = {4182252C-17A1-4F04-B4E2-84A045EBC91E}
	EndGlobalSection
EndGlobal
